
Microsoft Visual Studio Solution File, Format Version 12.00
# Visual Studio Version 16
VisualStudioVersion = 16.0.31410.357
MinimumVisualStudioVersion = 10.0.40219.1
Project("{2150E333-8FDC-42A3-9474-1A3956D46DE8}") = "cpp", "cpp", "{50BD6350-D546-4F36-BD5B-DA727E72A900}"
EndProject
Project("{2150E333-8FDC-42A3-9474-1A3956D46DE8}") = "cs", "cs", "{853D65D9-F1DD-4671-9D3A-83DB20A0CD0E}"
EndProject
Project("{9A19103F-16F7-4668-BE54-9A1E7A4F7556}") = "Echo.Server", "Src\cs\Echo.Server\Echo.Server.csproj", "{BEC7160E-7DE4-4900-BE89-F08D8FF44024}"
EndProject
Project("{9A19103F-16F7-4668-BE54-9A1E7A4F7556}") = "Echo.Client", "Src\cs\Echo.Client\Echo.Client.csproj", "{54C2EC72-4643-4FCE-B19B-D3C3D8638396}"
EndProject
Project("{FAE04EC0-301F-11D3-BF4B-00C04F79EFBC}") = "Echo.Tcp", "Src\cs\Echo.Tcp\Echo.Tcp.csproj", "{17959514-6117-4F83-9BFF-B5404C794EFA}"
EndProject
Project("{FAE04EC0-301F-11D3-BF4B-00C04F79EFBC}") = "Echo.ServerM", "Src\cs\Echo.ServerM\Echo.ServerM.csproj", "{AFFA1973-F735-4FDE-8678-E60356537CAA}"
EndProject
Global
	GlobalSection(SolutionConfigurationPlatforms) = preSolution
		Debug|Any CPU = Debug|Any CPU
		Release|Any CPU = Release|Any CPU
	EndGlobalSection
	GlobalSection(ProjectConfigurationPlatforms) = postSolution
		{BEC7160E-7DE4-4900-BE89-F08D8FF44024}.Debug|Any CPU.ActiveCfg = Debug|Any CPU
		{BEC7160E-7DE4-4900-BE89-F08D8FF44024}.Debug|Any CPU.Build.0 = Debug|Any CPU
		{BEC7160E-7DE4-4900-BE89-F08D8FF44024}.Release|Any CPU.ActiveCfg = Release|Any CPU
		{BEC7160E-7DE4-4900-BE89-F08D8FF44024}.Release|Any CPU.Build.0 = Release|Any CPU
		{54C2EC72-4643-4FCE-B19B-D3C3D8638396}.Debug|Any CPU.ActiveCfg = Debug|Any CPU
		{54C2EC72-4643-4FCE-B19B-D3C3D8638396}.Debug|Any CPU.Build.0 = Debug|Any CPU
		{54C2EC72-4643-4FCE-B19B-D3C3D8638396}.Release|Any CPU.ActiveCfg = Release|Any CPU
		{54C2EC72-4643-4FCE-B19B-D3C3D8638396}.Release|Any CPU.Build.0 = Release|Any CPU
		{17959514-6117-4F83-9BFF-B5404C794EFA}.Debug|Any CPU.ActiveCfg = Debug|Any CPU
		{17959514-6117-4F83-9BFF-B5404C794EFA}.Debug|Any CPU.Build.0 = Debug|Any CPU
		{17959514-6117-4F83-9BFF-B5404C794EFA}.Release|Any CPU.ActiveCfg = Release|Any CPU
		{17959514-6117-4F83-9BFF-B5404C794EFA}.Release|Any CPU.Build.0 = Release|Any CPU
		{AFFA1973-F735-4FDE-8678-E60356537CAA}.Debug|Any CPU.ActiveCfg = Debug|Any CPU
		{AFFA1973-F735-4FDE-8678-E60356537CAA}.Debug|Any CPU.Build.0 = Debug|Any CPU
		{AFFA1973-F735-4FDE-8678-E60356537CAA}.Release|Any CPU.ActiveCfg = Release|Any CPU
		{AFFA1973-F735-4FDE-8678-E60356537CAA}.Release|Any CPU.Build.0 = Release|Any CPU
	EndGlobalSection
	GlobalSection(SolutionProperties) = preSolution
		HideSolutionNode = FALSE
	EndGlobalSection
	GlobalSection(NestedProjects) = preSolution
		{BEC7160E-7DE4-4900-BE89-F08D8FF44024} = {853D65D9-F1DD-4671-9D3A-83DB20A0CD0E}
		{54C2EC72-4643-4FCE-B19B-D3C3D8638396} = {853D65D9-F1DD-4671-9D3A-83DB20A0CD0E}
		{17959514-6117-4F83-9BFF-B5404C794EFA} = {853D65D9-F1DD-4671-9D3A-83DB20A0CD0E}
		{AFFA1973-F735-4FDE-8678-E60356537CAA} = {853D65D9-F1DD-4671-9D3A-83DB20A0CD0E}
	EndGlobalSection
	GlobalSection(ExtensibilityGlobals) = postSolution
		SolutionGuid = {D1E14437-D8D6-45C3-9D87-011BF077366A}
	EndGlobalSection
EndGlobal
